// !$*UTF8*$!
{
	archiveVersion = 1;
	classes = {
	};
	objectVersion = 46;
	objects = {

/* Begin PBXBuildFile section */
		CC00F3F51F90601800759B37 /* link_list.cpp in Sources */ = {isa = PBXBuildFile; fileRef = CC00F3F41F90601800759B37 /* link_list.cpp */; };
		CC054A021FA2CD78003A6A00 /* arithmetic_data_manipulation.cpp in Sources */ = {isa = PBXBuildFile; fileRef = CC054A011FA2CD78003A6A00 /* arithmetic_data_manipulation.cpp */; };
		CC216C5B1F9ED5F50041B60A /* stack_queue.cpp in Sources */ = {isa = PBXBuildFile; fileRef = CC216C5A1F9ED5F50041B60A /* stack_queue.cpp */; };
		CC2D974F1F95A5A3005CDC21 /* tree.cpp in Sources */ = {isa = PBXBuildFile; fileRef = CC2D974E1F95A5A3005CDC21 /* tree.cpp */; };
		CCB9B5281F7F3DF900316013 /* main.mm in Sources */ = {isa = PBXBuildFile; fileRef = CCB9B5271F7F3DF900316013 /* main.mm */; };
		CCB9B5311F7F3E7900316013 /* array.cpp in Sources */ = {isa = PBXBuildFile; fileRef = CCB9B5301F7F3E7900316013 /* array.cpp */; };
		CCB9B5331F7F720000316013 /* string.cpp in Sources */ = {isa = PBXBuildFile; fileRef = CCB9B5321F7F720000316013 /* string.cpp */; };
		D6C491D520EB58E50048DBF0 /* sort.cpp in Sources */ = {isa = PBXBuildFile; fileRef = D6C491D320EB58E50048DBF0 /* sort.cpp */; };
		D6C491D620EB58E50048DBF0 /* regular_matcher.cpp in Sources */ = {isa = PBXBuildFile; fileRef = D6C491D420EB58E50048DBF0 /* regular_matcher.cpp */; };
/* End PBXBuildFile section */

/* Begin PBXCopyFilesBuildPhase section */
		CCB9B5221F7F3DF900316013 /* CopyFiles */ = {
			isa = PBXCopyFilesBuildPhase;
			buildActionMask = 2147483647;
			dstPath = /usr/share/man/man1/;
			dstSubfolderSpec = 0;
			files = (
			);
			runOnlyForDeploymentPostprocessing = 1;
		};
/* End PBXCopyFilesBuildPhase section */

/* Begin PBXFileReference section */
		CC00F3F41F90601800759B37 /* link_list.cpp */ = {isa = PBXFileReference; fileEncoding = 4; lastKnownFileType = sourcecode.cpp.cpp; path = link_list.cpp; sourceTree = "<group>"; };
		CC054A011FA2CD78003A6A00 /* arithmetic_data_manipulation.cpp */ = {isa = PBXFileReference; fileEncoding = 4; lastKnownFileType = sourcecode.cpp.cpp; path = arithmetic_data_manipulation.cpp; sourceTree = "<group>"; };
		CC216C5A1F9ED5F50041B60A /* stack_queue.cpp */ = {isa = PBXFileReference; fileEncoding = 4; lastKnownFileType = sourcecode.cpp.cpp; path = stack_queue.cpp; sourceTree = "<group>"; };
		CC2D974E1F95A5A3005CDC21 /* tree.cpp */ = {isa = PBXFileReference; fileEncoding = 4; lastKnownFileType = sourcecode.cpp.cpp; path = tree.cpp; sourceTree = "<group>"; };
		CCB9B5241F7F3DF900316013 /* Arithmetic */ = {isa = PBXFileReference; explicitFileType = "compiled.mach-o.executable"; includeInIndex = 0; path = Arithmetic; sourceTree = BUILT_PRODUCTS_DIR; };
		CCB9B5271F7F3DF900316013 /* main.mm */ = {isa = PBXFileReference; lastKnownFileType = sourcecode.cpp.objcpp; path = main.mm; sourceTree = "<group>"; };
		CCB9B5301F7F3E7900316013 /* array.cpp */ = {isa = PBXFileReference; fileEncoding = 4; lastKnownFileType = sourcecode.cpp.cpp; path = array.cpp; sourceTree = "<group>"; };
		CCB9B5321F7F720000316013 /* string.cpp */ = {isa = PBXFileReference; fileEncoding = 4; lastKnownFileType = sourcecode.cpp.cpp; path = string.cpp; sourceTree = "<group>"; };
		D6C491D320EB58E50048DBF0 /* sort.cpp */ = {isa = PBXFileReference; fileEncoding = 4; lastKnownFileType = sourcecode.cpp.cpp; path = sort.cpp; sourceTree = "<group>"; };
		D6C491D420EB58E50048DBF0 /* regular_matcher.cpp */ = {isa = PBXFileReference; fileEncoding = 4; lastKnownFileType = sourcecode.cpp.cpp; path = regular_matcher.cpp; sourceTree = "<group>"; };
/* End PBXFileReference section */

/* Begin PBXFrameworksBuildPhase section */
		CCB9B5211F7F3DF900316013 /* Frameworks */ = {
			isa = PBXFrameworksBuildPhase;
			buildActionMask = 2147483647;
			files = (
			);
			runOnlyForDeploymentPostprocessing = 0;
		};
/* End PBXFrameworksBuildPhase section */

/* Begin PBXGroup section */
		CCB9B51B1F7F3DF900316013 = {
			isa = PBXGroup;
			children = (
				CCB9B5261F7F3DF900316013 /* Arithmetic */,
				CCB9B5251F7F3DF900316013 /* Products */,
			);
			sourceTree = "<group>";
		};
		CCB9B5251F7F3DF900316013 /* Products */ = {
			isa = PBXGroup;
			children = (
				CCB9B5241F7F3DF900316013 /* Arithmetic */,
			);
			name = Products;
			sourceTree = "<group>";
		};
		CCB9B5261F7F3DF900316013 /* Arithmetic */ = {
			isa = PBXGroup;
			children = (
				CCB9B5271F7F3DF900316013 /* main.mm */,
				CCB9B5301F7F3E7900316013 /* array.cpp */,
				CCB9B5321F7F720000316013 /* string.cpp */,
				CC00F3F41F90601800759B37 /* link_list.cpp */,
				CC2D974E1F95A5A3005CDC21 /* tree.cpp */,
				CC216C5A1F9ED5F50041B60A /* stack_queue.cpp */,
				CC054A011FA2CD78003A6A00 /* arithmetic_data_manipulation.cpp */,
				D6C491D420EB58E50048DBF0 /* regular_matcher.cpp */,
				D6C491D320EB58E50048DBF0 /* sort.cpp */,
			);
			path = Arithmetic;
			sourceTree = "<group>";
		};
/* End PBXGroup section */

/* Begin PBXNativeTarget section */
		CCB9B5231F7F3DF900316013 /* Arithmetic */ = {
			isa = PBXNativeTarget;
			buildConfigurationList = CCB9B52B1F7F3DF900316013 /* Build configuration list for PBXNativeTarget "Arithmetic" */;
			buildPhases = (
				CCB9B5201F7F3DF900316013 /* Sources */,
				CCB9B5211F7F3DF900316013 /* Frameworks */,
				CCB9B5221F7F3DF900316013 /* CopyFiles */,
			);
			buildRules = (
			);
			dependencies = (
			);
			name = Arithmetic;
			productName = Arithmetic;
			productReference = CCB9B5241F7F3DF900316013 /* Arithmetic */;
			productType = "com.apple.product-type.tool";
		};
/* End PBXNativeTarget section */

/* Begin PBXProject section */
		CCB9B51C1F7F3DF900316013 /* Project object */ = {
			isa = PBXProject;
			attributes = {
				LastUpgradeCheck = 0830;
				ORGANIZATIONNAME = zhenhua21;
				TargetAttributes = {
					CCB9B5231F7F3DF900316013 = {
						CreatedOnToolsVersion = 8.3.3;
						ProvisioningStyle = Automatic;
					};
				};
			};
			buildConfigurationList = CCB9B51F1F7F3DF900316013 /* Build configuration list for PBXProject "Arithmetic" */;
			compatibilityVersion = "Xcode 3.2";
			developmentRegion = English;
			hasScannedForEncodings = 0;
			knownRegions = (
				en,
			);
			mainGroup = CCB9B51B1F7F3DF900316013;
			productRefGroup = CCB9B5251F7F3DF900316013 /* Products */;
			projectDirPath = "";
			projectRoot = "";
			targets = (
				CCB9B5231F7F3DF900316013 /* Arithmetic */,
			);
		};
/* End PBXProject section */

/* Begin PBXSourcesBuildPhase section */
		CCB9B5201F7F3DF900316013 /* Sources */ = {
			isa = PBXSourcesBuildPhase;
			buildActionMask = 2147483647;
			files = (
				D6C491D620EB58E50048DBF0 /* regular_matcher.cpp in Sources */,
				CC216C5B1F9ED5F50041B60A /* stack_queue.cpp in Sources */,
				D6C491D520EB58E50048DBF0 /* sort.cpp in Sources */,
				CCB9B5331F7F720000316013 /* string.cpp in Sources */,
				CCB9B5281F7F3DF900316013 /* main.mm in Sources */,
				CC054A021FA2CD78003A6A00 /* arithmetic_data_manipulation.cpp in Sources */,
				CCB9B5311F7F3E7900316013 /* array.cpp in Sources */,
				CC2D974F1F95A5A3005CDC21 /* tree.cpp in Sources */,
				CC00F3F51F90601800759B37 /* link_list.cpp in Sources */,
			);
			runOnlyForDeploymentPostprocessing = 0;
		};
/* End PBXSourcesBuildPhase section */

/* Begin XCBuildConfiguration section */
		CCB9B5291F7F3DF900316013 /* Debug */ = {
			isa = XCBuildConfiguration;
			buildSettings = {
				ALWAYS_SEARCH_USER_PATHS = NO;
				CLANG_ANALYZER_NONNULL = YES;
				CLANG_ANALYZER_NUMBER_OBJECT_CONVERSION = YES_AGGRESSIVE;
				CLANG_CXX_LANGUAGE_STANDARD = "gnu++0x";
				CLANG_CXX_LIBRARY = "libc++";
				CLANG_ENABLE_MODULES = YES;
				CLANG_ENABLE_OBJC_ARC = YES;
				CLANG_WARN_BOOL_CONVERSION = YES;
				CLANG_WARN_CONSTANT_CONVERSION = YES;
				CLANG_WARN_DIRECT_OBJC_ISA_USAGE = YES_ERROR;
				CLANG_WARN_DOCUMENTATION_COMMENTS = YES;
				CLANG_WARN_EMPTY_BODY = YES;
				CLANG_WARN_ENUM_CONVERSION = YES;
				CLANG_WARN_INFINITE_RECURSION = YES;
				CLANG_WARN_INT_CONVERSION = YES;
				CLANG_WARN_OBJC_ROOT_CLASS = YES_ERROR;
				CLANG_WARN_SUSPICIOUS_MOVE = YES;
				CLANG_WARN_UNREACHABLE_CODE = YES;
				CLANG_WARN__DUPLICATE_METHOD_MATCH = YES;
				CODE_SIGN_IDENTITY = "-";
				COPY_PHASE_STRIP = NO;
				DEBUG_INFORMATION_FORMAT = dwarf;
				ENABLE_STRICT_OBJC_MSGSEND = YES;
				ENABLE_TESTABILITY = YES;
				GCC_C_LANGUAGE_STANDARD = gnu99;
				GCC_DYNAMIC_NO_PIC = NO;
				GCC_NO_COMMON_BLOCKS = YES;
				GCC_OPTIMIZATION_LEVEL = 0;
				GCC_PREPROCESSOR_DEFINITIONS = (
					"DEBUG=1",
					"$(inherited)",
				);
				GCC_WARN_64_TO_32_BIT_CONVERSION = YES;
				GCC_WARN_ABOUT_RETURN_TYPE = YES_ERROR;
				GCC_WARN_UNDECLARED_SELECTOR = YES;
				GCC_WARN_UNINITIALIZED_AUTOS = YES_AGGRESSIVE;
				GCC_WARN_UNUSED_FUNCTION = YES;
				GCC_WARN_UNUSED_VARIABLE = YES;
				MACOSX_DEPLOYMENT_TARGET = 10.12;
				MTL_ENABLE_DEBUG_INFO = YES;
				ONLY_ACTIVE_ARCH = YES;
				SDKROOT = macosx;
			};
			name = Debug;
		};
		CCB9B52A1F7F3DF900316013 /* Release */ = {
			isa = XCBuildConfiguration;
			buildSettings = {
				ALWAYS_SEARCH_USER_PATHS = NO;
				CLANG_ANALYZER_NONNULL = YES;
				CLANG_ANALYZER_NUMBER_OBJECT_CONVERSION = YES_AGGRESSIVE;
				CLANG_CXX_LANGUAGE_STANDARD = "gnu++0x";
				CLANG_CXX_LIBRARY = "libc++";
				CLANG_ENABLE_MODULES = YES;
				CLANG_ENABLE_OBJC_ARC = YES;
				CLANG_WARN_BOOL_CONVERSION = YES;
				CLANG_WARN_CONSTANT_CONVERSION = YES;
				CLANG_WARN_DIRECT_OBJC_ISA_USAGE = YES_ERROR;
				CLANG_WARN_DOCUMENTATION_COMMENTS = YES;
				CLANG_WARN_EMPTY_BODY = YES;
				CLANG_WARN_ENUM_CONVERSION = YES;
				CLANG_WARN_INFINITE_RECURSION = YES;
				CLANG_WARN_INT_CONVERSION = YES;
				CLANG_WARN_OBJC_ROOT_CLASS = YES_ERROR;
				CLANG_WARN_SUSPICIOUS_MOVE = YES;
				CLANG_WARN_UNREACHABLE_CODE = YES;
				CLANG_WARN__DUPLICATE_METHOD_MATCH = YES;
				CODE_SIGN_IDENTITY = "-";
				COPY_PHASE_STRIP = NO;
				DEBUG_INFORMATION_FORMAT = "dwarf-with-dsym";
				ENABLE_NS_ASSERTIONS = NO;
				ENABLE_STRICT_OBJC_MSGSEND = YES;
				GCC_C_LANGUAGE_STANDARD = gnu99;
				GCC_NO_COMMON_BLOCKS = YES;
				GCC_WARN_64_TO_32_BIT_CONVERSION = YES;
				GCC_WARN_ABOUT_RETURN_TYPE = YES_ERROR;
				GCC_WARN_UNDECLARED_SELECTOR = YES;
				GCC_WARN_UNINITIALIZED_AUTOS = YES_AGGRESSIVE;
				GCC_WARN_UNUSED_FUNCTION = YES;
				GCC_WARN_UNUSED_VARIABLE = YES;
				MACOSX_DEPLOYMENT_TARGET = 10.12;
				MTL_ENABLE_DEBUG_INFO = NO;
				SDKROOT = macosx;
			};
			name = Release;
		};
		CCB9B52C1F7F3DF900316013 /* Debug */ = {
			isa = XCBuildConfiguration;
			buildSettings = {
				PRODUCT_NAME = "$(TARGET_NAME)";
			};
			name = Debug;
		};
		CCB9B52D1F7F3DF900316013 /* Release */ = {
			isa = XCBuildConfiguration;
			buildSettings = {
				PRODUCT_NAME = "$(TARGET_NAME)";
			};
			name = Release;
		};
/* End XCBuildConfiguration section */

/* Begin XCConfigurationList section */
		CCB9B51F1F7F3DF900316013 /* Build configuration list for PBXProject "Arithmetic" */ = {
			isa = XCConfigurationList;
			buildConfigurations = (
				CCB9B5291F7F3DF900316013 /* Debug */,
				CCB9B52A1F7F3DF900316013 /* Release */,
			);
			defaultConfigurationIsVisible = 0;
			defaultConfigurationName = Release;
		};
		CCB9B52B1F7F3DF900316013 /* Build configuration list for PBXNativeTarget "Arithmetic" */ = {
			isa = XCConfigurationList;
			buildConfigurations = (
				CCB9B52C1F7F3DF900316013 /* Debug */,
				CCB9B52D1F7F3DF900316013 /* Release */,
			);
			defaultConfigurationIsVisible = 0;
			defaultConfigurationName = Release;
		};
/* End XCConfigurationList section */
	};
	rootObject = CCB9B51C1F7F3DF900316013 /* Project object */;
}
